// !$*UTF8*$!
{
	archiveVersion = 1;
	classes = {
	};
	objectVersion = 46;
	objects = {

/* Begin PBXBuildFile section */
		7B15F3FB1D892855007647B2 /* AppDelegate.swift in Sources */ = {isa = PBXBuildFile; fileRef = 7B15F3FA1D892855007647B2 /* AppDelegate.swift */; };
		7B15F4001D892855007647B2 /* Main.storyboard in Resources */ = {isa = PBXBuildFile; fileRef = 7B15F3FE1D892855007647B2 /* Main.storyboard */; };
		7B15F4031D892855007647B2 /* Pot_Commun.xcdatamodeld in Sources */ = {isa = PBXBuildFile; fileRef = 7B15F4011D892855007647B2 /* Pot_Commun.xcdatamodeld */; };
		7B15F4051D892855007647B2 /* Assets.xcassets in Resources */ = {isa = PBXBuildFile; fileRef = 7B15F4041D892855007647B2 /* Assets.xcassets */; };
		7B15F4081D892855007647B2 /* LaunchScreen.storyboard in Resources */ = {isa = PBXBuildFile; fileRef = 7B15F4061D892855007647B2 /* LaunchScreen.storyboard */; };
		7B15F4121D8929F0007647B2 /* PotCommunViewController.swift in Sources */ = {isa = PBXBuildFile; fileRef = 7B15F4111D8929F0007647B2 /* PotCommunViewController.swift */; };
		7B4D8B441D8ABE2C00C307C9 /* MouvementTableViewController.swift in Sources */ = {isa = PBXBuildFile; fileRef = 7B4D8B431D8ABE2C00C307C9 /* MouvementTableViewController.swift */; };
		7B811DDC1D8A9C2E0032A52F /* Mouvement+CoreDataProperties.swift in Sources */ = {isa = PBXBuildFile; fileRef = 7B811DDA1D8A9C2E0032A52F /* Mouvement+CoreDataProperties.swift */; };
		7B811DDD1D8A9C2E0032A52F /* Mouvement.swift in Sources */ = {isa = PBXBuildFile; fileRef = 7B811DDB1D8A9C2E0032A52F /* Mouvement.swift */; };
		7B999792221C239B00424767 /* CoreDataTableViewController.swift in Sources */ = {isa = PBXBuildFile; fileRef = 7B999791221C239B00424767 /* CoreDataTableViewController.swift */; };
/* End PBXBuildFile section */

/* Begin PBXFileReference section */
		7B15F3F71D892855007647B2 /* Pot Commun.app */ = {isa = PBXFileReference; explicitFileType = wrapper.application; includeInIndex = 0; path = "Pot Commun.app"; sourceTree = BUILT_PRODUCTS_DIR; };
		7B15F3FA1D892855007647B2 /* AppDelegate.swift */ = {isa = PBXFileReference; lastKnownFileType = sourcecode.swift; path = AppDelegate.swift; sourceTree = "<group>"; };
		7B15F3FF1D892855007647B2 /* Base */ = {isa = PBXFileReference; lastKnownFileType = file.storyboard; name = Base; path = Base.lproj/Main.storyboard; sourceTree = "<group>"; };
		7B15F4021D892855007647B2 /* Pot_Commun.xcdatamodel */ = {isa = PBXFileReference; lastKnownFileType = wrapper.xcdatamodel; path = Pot_Commun.xcdatamodel; sourceTree = "<group>"; };
		7B15F4041D892855007647B2 /* Assets.xcassets */ = {isa = PBXFileReference; lastKnownFileType = folder.assetcatalog; path = Assets.xcassets; sourceTree = "<group>"; };
		7B15F4071D892855007647B2 /* Base */ = {isa = PBXFileReference; lastKnownFileType = file.storyboard; name = Base; path = Base.lproj/LaunchScreen.storyboard; sourceTree = "<group>"; };
		7B15F4091D892855007647B2 /* Info.plist */ = {isa = PBXFileReference; lastKnownFileType = text.plist.xml; path = Info.plist; sourceTree = "<group>"; };
		7B15F4111D8929F0007647B2 /* PotCommunViewController.swift */ = {isa = PBXFileReference; fileEncoding = 4; lastKnownFileType = sourcecode.swift; path = PotCommunViewController.swift; sourceTree = "<group>"; };
		7B4D8B431D8ABE2C00C307C9 /* MouvementTableViewController.swift */ = {isa = PBXFileReference; fileEncoding = 4; lastKnownFileType = sourcecode.swift; path = MouvementTableViewController.swift; sourceTree = "<group>"; };
		7B811DDA1D8A9C2E0032A52F /* Mouvement+CoreDataProperties.swift */ = {isa = PBXFileReference; fileEncoding = 4; lastKnownFileType = sourcecode.swift; path = "Mouvement+CoreDataProperties.swift"; sourceTree = "<group>"; };
		7B811DDB1D8A9C2E0032A52F /* Mouvement.swift */ = {isa = PBXFileReference; fileEncoding = 4; lastKnownFileType = sourcecode.swift; path = Mouvement.swift; sourceTree = "<group>"; };
		7B999791221C239B00424767 /* CoreDataTableViewController.swift */ = {isa = PBXFileReference; fileEncoding = 4; lastKnownFileType = sourcecode.swift; path = CoreDataTableViewController.swift; sourceTree = "<group>"; };
/* End PBXFileReference section */

/* Begin PBXFrameworksBuildPhase section */
		7B15F3F41D892855007647B2 /* Frameworks */ = {
			isa = PBXFrameworksBuildPhase;
			buildActionMask = 2147483647;
			files = (
			);
			runOnlyForDeploymentPostprocessing = 0;
		};
/* End PBXFrameworksBuildPhase section */

/* Begin PBXGroup section */
		7B15F3EE1D892855007647B2 = {
			isa = PBXGroup;
			children = (
				7B15F3F91D892855007647B2 /* Pot Commun */,
				7B15F3F81D892855007647B2 /* Products */,
			);
			sourceTree = "<group>";
		};
		7B15F3F81D892855007647B2 /* Products */ = {
			isa = PBXGroup;
			children = (
				7B15F3F71D892855007647B2 /* Pot Commun.app */,
			);
			name = Products;
			sourceTree = "<group>";
		};
		7B15F3F91D892855007647B2 /* Pot Commun */ = {
			isa = PBXGroup;
			children = (
				7B811DDE1D8A9CCF0032A52F /* Core Data */,
				7B15F4101D892893007647B2 /* Supp */,
				7B15F3FE1D892855007647B2 /* Main.storyboard */,
				7B15F4111D8929F0007647B2 /* PotCommunViewController.swift */,
				7B999791221C239B00424767 /* CoreDataTableViewController.swift */,
				7B4D8B431D8ABE2C00C307C9 /* MouvementTableViewController.swift */,
			);
			path = "Pot Commun";
			sourceTree = "<group>";
		};
		7B15F4101D892893007647B2 /* Supp */ = {
			isa = PBXGroup;
			children = (
				7B15F3FA1D892855007647B2 /* AppDelegate.swift */,
				7B15F4061D892855007647B2 /* LaunchScreen.storyboard */,
				7B15F4041D892855007647B2 /* Assets.xcassets */,
				7B15F4091D892855007647B2 /* Info.plist */,
			);
			name = Supp;
			sourceTree = "<group>";
		};
		7B811DDE1D8A9CCF0032A52F /* Core Data */ = {
			isa = PBXGroup;
			children = (
				7B811DDA1D8A9C2E0032A52F /* Mouvement+CoreDataProperties.swift */,
				7B811DDB1D8A9C2E0032A52F /* Mouvement.swift */,
				7B15F4011D892855007647B2 /* Pot_Commun.xcdatamodeld */,
			);
			name = "Core Data";
			sourceTree = "<group>";
		};
/* End PBXGroup section */

/* Begin PBXNativeTarget section */
		7B15F3F61D892855007647B2 /* Pot Commun */ = {
			isa = PBXNativeTarget;
			buildConfigurationList = 7B15F40C1D892855007647B2 /* Build configuration list for PBXNativeTarget "Pot Commun" */;
			buildPhases = (
				7B15F3F31D892855007647B2 /* Sources */,
				7B15F3F41D892855007647B2 /* Frameworks */,
				7B15F3F51D892855007647B2 /* Resources */,
			);
			buildRules = (
			);
			dependencies = (
			);
			name = "Pot Commun";
			productName = "Pot Commun";
			productReference = 7B15F3F71D892855007647B2 /* Pot Commun.app */;
			productType = "com.apple.product-type.application";
		};
/* End PBXNativeTarget section */

/* Begin PBXProject section */
		7B15F3EF1D892855007647B2 /* Project object */ = {
			isa = PBXProject;
			attributes = {
				LastSwiftUpdateCheck = 0730;
				LastUpgradeCheck = 1010;
				ORGANIZATIONNAME = "Arnaud Pannatier";
				TargetAttributes = {
					7B15F3F61D892855007647B2 = {
						CreatedOnToolsVersion = 7.3;
						DevelopmentTeam = D78VXDSZY5;
						LastSwiftMigration = 0820;
					};
				};
			};
			buildConfigurationList = 7B15F3F21D892855007647B2 /* Build configuration list for PBXProject "Pot Commun" */;
			compatibilityVersion = "Xcode 3.2";
			developmentRegion = English;
			hasScannedForEncodings = 0;
			knownRegions = (
				en,
				Base,
			);
			mainGroup = 7B15F3EE1D892855007647B2;
			productRefGroup = 7B15F3F81D892855007647B2 /* Products */;
			projectDirPath = "";
			projectRoot = "";
			targets = (
				7B15F3F61D892855007647B2 /* Pot Commun */,
			);
		};
/* End PBXProject section */

/* Begin PBXResourcesBuildPhase section */
		7B15F3F51D892855007647B2 /* Resources */ = {
			isa = PBXResourcesBuildPhase;
			buildActionMask = 2147483647;
			files = (
				7B15F4081D892855007647B2 /* LaunchScreen.storyboard in Resources */,
				7B15F4051D892855007647B2 /* Assets.xcassets in Resources */,
				7B15F4001D892855007647B2 /* Main.storyboard in Resources */,
			);
			runOnlyForDeploymentPostprocessing = 0;
		};
/* End PBXResourcesBuildPhase section */

/* Begin PBXSourcesBuildPhase section */
		7B15F3F31D892855007647B2 /* Sources */ = {
			isa = PBXSourcesBuildPhase;
			buildActionMask = 2147483647;
			files = (
				7B811DDC1D8A9C2E0032A52F /* Mouvement+CoreDataProperties.swift in Sources */,
				7B999792221C239B00424767 /* CoreDataTableViewController.swift in Sources */,
				7B15F4031D892855007647B2 /* Pot_Commun.xcdatamodeld in Sources */,
				7B811DDD1D8A9C2E0032A52F /* Mouvement.swift in Sources */,
				7B15F4121D8929F0007647B2 /* PotCommunViewController.swift in Sources */,
				7B4D8B441D8ABE2C00C307C9 /* MouvementTableViewController.swift in Sources */,
				7B15F3FB1D892855007647B2 /* AppDelegate.swift in Sources */,
			);
			runOnlyForDeploymentPostprocessing = 0;
		};
/* End PBXSourcesBuildPhase section */

/* Begin PBXVariantGroup section */
		7B15F3FE1D892855007647B2 /* Main.storyboard */ = {
			isa = PBXVariantGroup;
			children = (
				7B15F3FF1D892855007647B2 /* Base */,
			);
			name = Main.storyboard;
			sourceTree = "<group>";
		};
		7B15F4061D892855007647B2 /* LaunchScreen.storyboard */ = {
			isa = PBXVariantGroup;
			children = (
				7B15F4071D892855007647B2 /* Base */,
			);
			name = LaunchScreen.storyboard;
			sourceTree = "<group>";
		};
/* End PBXVariantGroup section */

/* Begin XCBuildConfiguration section */
		7B15F40A1D892855007647B2 /* Debug */ = {
			isa = XCBuildConfiguration;
			buildSettings = {
				ALWAYS_SEARCH_USER_PATHS = NO;
				CLANG_ANALYZER_NONNULL = YES;
				CLANG_CXX_LANGUAGE_STANDARD = "gnu++0x";
				CLANG_CXX_LIBRARY = "libc++";
				CLANG_ENABLE_MODULES = YES;
				CLANG_ENABLE_OBJC_ARC = YES;
				CLANG_WARN_BLOCK_CAPTURE_AUTORELEASING = YES;
				CLANG_WARN_BOOL_CONVERSION = YES;
				CLANG_WARN_COMMA = YES;
				CLANG_WARN_CONSTANT_CONVERSION = YES;
				CLANG_WARN_DEPRECATED_OBJC_IMPLEMENTATIONS = YES;
				CLANG_WARN_DIRECT_OBJC_ISA_USAGE = YES_ERROR;
				CLANG_WARN_EMPTY_BODY = YES;
				CLANG_WARN_ENUM_CONVERSION = YES;
				CLANG_WARN_INFINITE_RECURSION = YES;
				CLANG_WARN_INT_CONVERSION = YES;
				CLANG_WARN_NON_LITERAL_NULL_CONVERSION = YES;
				CLANG_WARN_OBJC_IMPLICIT_RETAIN_SELF = YES;
				CLANG_WARN_OBJC_LITERAL_CONVERSION = YES;
				CLANG_WARN_OBJC_ROOT_CLASS = YES_ERROR;
				CLANG_WARN_RANGE_LOOP_ANALYSIS = YES;
				CLANG_WARN_STRICT_PROTOTYPES = YES;
				CLANG_WARN_SUSPICIOUS_MOVE = YES;
				CLANG_WARN_UNREACHABLE_CODE = YES;
				CLANG_WARN__DUPLICATE_METHOD_MATCH = YES;
				"CODE_SIGN_IDENTITY[sdk=iphoneos*]" = "iPhone Developer";
				COPY_PHASE_STRIP = NO;
				DEBUG_INFORMATION_FORMAT = dwarf;
				ENABLE_STRICT_OBJC_MSGSEND = YES;
				ENABLE_TESTABILITY = YES;
				GCC_C_LANGUAGE_STANDARD = gnu99;
				GCC_DYNAMIC_NO_PIC = NO;
				GCC_NO_COMMON_BLOCKS = YES;
				GCC_OPTIMIZATION_LEVEL = 0;
				GCC_PREPROCESSOR_DEFINITIONS = (
					"DEBUG=1",
					"$(inherited)",
				);
				GCC_WARN_64_TO_32_BIT_CONVERSION = YES;
				GCC_WARN_ABOUT_RETURN_TYPE = YES_ERROR;
				GCC_WARN_UNDECLARED_SELECTOR = YES;
				GCC_WARN_UNINITIALIZED_AUTOS = YES_AGGRESSIVE;
				GCC_WARN_UNUSED_FUNCTION = YES;
				GCC_WARN_UNUSED_VARIABLE = YES;
				IPHONEOS_DEPLOYMENT_TARGET = 9.3;
				MTL_ENABLE_DEBUG_INFO = YES;
				ONLY_ACTIVE_ARCH = YES;
				SDKROOT = iphoneos;
				SWIFT_OPTIMIZATION_LEVEL = "-Onone";
				TARGETED_DEVICE_FAMILY = "1,2";
			};
			name = Debug;
		};
		7B15F40B1D892855007647B2 /* Release */ = {
			isa = XCBuildConfiguration;
			buildSettings = {
				ALWAYS_SEARCH_USER_PATHS = NO;
				CLANG_ANALYZER_NONNULL = YES;
				CLANG_CXX_LANGUAGE_STANDARD = "gnu++0x";
				CLANG_CXX_LIBRARY = "libc++";
				CLANG_ENABLE_MODULES = YES;
				CLANG_ENABLE_OBJC_ARC = YES;
				CLANG_WARN_BLOCK_CAPTURE_AUTORELEASING = YES;
				CLANG_WARN_BOOL_CONVERSION = YES;
				CLANG_WARN_COMMA = YES;
				CLANG_WARN_CONSTANT_CONVERSION = YES;
				CLANG_WARN_DEPRECATED_OBJC_IMPLEMENTATIONS = YES;
				CLANG_WARN_DIRECT_OBJC_ISA_USAGE = YES_ERROR;
				CLANG_WARN_EMPTY_BODY = YES;
				CLANG_WARN_ENUM_CONVERSION = YES;
				CLANG_WARN_INFINITE_RECURSION = YES;
				CLANG_WARN_INT_CONVERSION = YES;
				CLANG_WARN_NON_LITERAL_NULL_CONVERSION = YES;
				CLANG_WARN_OBJC_IMPLICIT_RETAIN_SELF = YES;
				CLANG_WARN_OBJC_LITERAL_CONVERSION = YES;
				CLANG_WARN_OBJC_ROOT_CLASS = YES_ERROR;
				CLANG_WARN_RANGE_LOOP_ANALYSIS = YES;
				CLANG_WARN_STRICT_PROTOTYPES = YES;
				CLANG_WARN_SUSPICIOUS_MOVE = YES;
				CLANG_WARN_UNREACHABLE_CODE = YES;
				CLANG_WARN__DUPLICATE_METHOD_MATCH = YES;
				"CODE_SIGN_IDENTITY[sdk=iphoneos*]" = "iPhone Developer";
				COPY_PHASE_STRIP = NO;
				DEBUG_INFORMATION_FORMAT = "dwarf-with-dsym";
				ENABLE_NS_ASSERTIONS = NO;
				ENABLE_STRICT_OBJC_MSGSEND = YES;
				GCC_C_LANGUAGE_STANDARD = gnu99;
				GCC_NO_COMMON_BLOCKS = YES;
				GCC_WARN_64_TO_32_BIT_CONVERSION = YES;
				GCC_WARN_ABOUT_RETURN_TYPE = YES_ERROR;
				GCC_WARN_UNDECLARED_SELECTOR = YES;
				GCC_WARN_UNINITIALIZED_AUTOS = YES_AGGRESSIVE;
				GCC_WARN_UNUSED_FUNCTION = YES;
				GCC_WARN_UNUSED_VARIABLE = YES;
				IPHONEOS_DEPLOYMENT_TARGET = 9.3;
				MTL_ENABLE_DEBUG_INFO = NO;
				SDKROOT = iphoneos;
				SWIFT_COMPILATION_MODE = wholemodule;
				TARGETED_DEVICE_FAMILY = "1,2";
				VALIDATE_PRODUCT = YES;
			};
			name = Release;
		};
		7B15F40D1D892855007647B2 /* Debug */ = {
			isa = XCBuildConfiguration;
			buildSettings = {
				ASSETCATALOG_COMPILER_APPICON_NAME = AppIcon;
				CLANG_ENABLE_MODULES = YES;
				CODE_SIGN_IDENTITY = "iPhone Developer: arn.pannatier@gmail.com (KYZWF8938X)";
				"CODE_SIGN_IDENTITY[sdk=iphoneos*]" = "iPhone Developer";
				INFOPLIST_FILE = "Pot Commun/Info.plist";
				IPHONEOS_DEPLOYMENT_TARGET = 9.0;
				LD_RUNPATH_SEARCH_PATHS = "$(inherited) @executable_path/Frameworks";
				PRODUCT_BUNDLE_IDENTIFIER = "ArnaudPannati.er246238.Pot-Commun";
				PRODUCT_NAME = "$(TARGET_NAME)";
				PROVISIONING_PROFILE = "";
				SWIFT_OPTIMIZATION_LEVEL = "-Onone";
				SWIFT_VERSION = 3.0;
				TARGETED_DEVICE_FAMILY = "1,2";
			};
			name = Debug;
		};
		7B15F40E1D892855007647B2 /* Release */ = {
			isa = XCBuildConfiguration;
			buildSettings = {
				ASSETCATALOG_COMPILER_APPICON_NAME = AppIcon;
				CLANG_ENABLE_MODULES = YES;
				CODE_SIGN_IDENTITY = "iPhone Developer: arn.pannatier@gmail.com (KYZWF8938X)";
				"CODE_SIGN_IDENTITY[sdk=iphoneos*]" = "iPhone Developer";
				INFOPLIST_FILE = "Pot Commun/Info.plist";
				IPHONEOS_DEPLOYMENT_TARGET = 9.0;
				LD_RUNPATH_SEARCH_PATHS = "$(inherited) @executable_path/Frameworks";
				PRODUCT_BUNDLE_IDENTIFIER = "ArnaudPannati.er246238.Pot-Commun";
				PRODUCT_NAME = "$(TARGET_NAME)";
				PROVISIONING_PROFILE = "";
				SWIFT_VERSION = 3.0;
				TARGETED_DEVICE_FAMILY = "1,2";
			};
			name = Release;
		};
/* End XCBuildConfiguration section */

/* Begin XCConfigurationList section */
		7B15F3F21D892855007647B2 /* Build configuration list for PBXProject "Pot Commun" */ = {
			isa = XCConfigurationList;
			buildConfigurations = (
				7B15F40A1D892855007647B2 /* Debug */,
				7B15F40B1D892855007647B2 /* Release */,
			);
			defaultConfigurationIsVisible = 0;
			defaultConfigurationName = Release;
		};
		7B15F40C1D892855007647B2 /* Build configuration list for PBXNativeTarget "Pot Commun" */ = {
			isa = XCConfigurationList;
			buildConfigurations = (
				7B15F40D1D892855007647B2 /* Debug */,
				7B15F40E1D892855007647B2 /* Release */,
			);
			defaultConfigurationIsVisible = 0;
			defaultConfigurationName = Release;
		};
/* End XCConfigurationList section */

/* Begin XCVersionGroup section */
		7B15F4011D892855007647B2 /* Pot_Commun.xcdatamodeld */ = {
			isa = XCVersionGroup;
			children = (
				7B15F4021D892855007647B2 /* Pot_Commun.xcdatamodel */,
			);
			currentVersion = 7B15F4021D892855007647B2 /* Pot_Commun.xcdatamodel */;
			path = Pot_Commun.xcdatamodeld;
			sourceTree = "<group>";
			versionGroupType = wrapper.xcdatamodel;
		};
/* End XCVersionGroup section */
	};
	rootObject = 7B15F3EF1D892855007647B2 /* Project object */;
}
